// !$*UTF8*$!
{
	archiveVersion = 1;
	classes = {
	};
	objectVersion = 56;
	objects = {

/* Begin PBXBuildFile section */
		DD179C2829E97F9900222732 /* NetworkService.swift in Sources */ = {isa = PBXBuildFile; fileRef = DD179C2729E97F9900222732 /* NetworkService.swift */; };
		DD179C2A29E9C57A00222732 /* JSONModel.swift in Sources */ = {isa = PBXBuildFile; fileRef = DD179C2929E9C57A00222732 /* JSONModel.swift */; };
		DD18717D297F070100E489D9 /* PostTableViewCell.swift in Sources */ = {isa = PBXBuildFile; fileRef = DD18717C297F070100E489D9 /* PostTableViewCell.swift */; };
		DD187184298427ED00E489D9 /* Photo.swift in Sources */ = {isa = PBXBuildFile; fileRef = DD187183298427ED00E489D9 /* Photo.swift */; };
		DD2C6DC129DEBC48009E9B14 /* ProfileCoordinator.swift in Sources */ = {isa = PBXBuildFile; fileRef = DD2C6DC029DEBC47009E9B14 /* ProfileCoordinator.swift */; };
		DD2E31E529CB682500735DCD /* Button.swift in Sources */ = {isa = PBXBuildFile; fileRef = DD2E31E429CB682500735DCD /* Button.swift */; };
		DD4A722F29C327B600D73702 /* UserService.swift in Sources */ = {isa = PBXBuildFile; fileRef = DD4A722E29C327B600D73702 /* UserService.swift */; };
		DD4A723529C4DBFA00D73702 /* iOSIntPackage in Frameworks */ = {isa = PBXBuildFile; productRef = DD4A723429C4DBFA00D73702 /* iOSIntPackage */; };
		DD4A723A29C8D33900D73702 /* SnapKit in Frameworks */ = {isa = PBXBuildFile; productRef = DD4A723929C8D33900D73702 /* SnapKit */; };
		DD511C7329AFA4460021D4AC /* StorageService.docc in Sources */ = {isa = PBXBuildFile; fileRef = DD511C7229AFA4460021D4AC /* StorageService.docc */; };
		DD511C7929AFA4460021D4AC /* StorageService.framework in Frameworks */ = {isa = PBXBuildFile; fileRef = DD511C6F29AFA4460021D4AC /* StorageService.framework */; };
		DD511C8029AFA4460021D4AC /* StorageServiceTests.swift in Sources */ = {isa = PBXBuildFile; fileRef = DD511C7F29AFA4460021D4AC /* StorageServiceTests.swift */; };
		DD511C8129AFA4460021D4AC /* StorageService.h in Headers */ = {isa = PBXBuildFile; fileRef = DD511C7129AFA4460021D4AC /* StorageService.h */; settings = {ATTRIBUTES = (Public, ); }; };
		DD511C8429AFA4460021D4AC /* StorageService.framework in Frameworks */ = {isa = PBXBuildFile; fileRef = DD511C6F29AFA4460021D4AC /* StorageService.framework */; };
		DD511C8529AFA4460021D4AC /* StorageService.framework in Embed Frameworks */ = {isa = PBXBuildFile; fileRef = DD511C6F29AFA4460021D4AC /* StorageService.framework */; settings = {ATTRIBUTES = (CodeSignOnCopy, RemoveHeadersOnCopy, ); }; };
		DD511C9429B368290021D4AC /* User.swift in Sources */ = {isa = PBXBuildFile; fileRef = DD511C9329B368290021D4AC /* User.swift */; };
		DD6682362985832F009368F3 /* PhotosTableViewCell.swift in Sources */ = {isa = PBXBuildFile; fileRef = DD6682352985832F009368F3 /* PhotosTableViewCell.swift */; };
		DD66823829859776009368F3 /* PreviewPhotosCollectionViewCell.swift in Sources */ = {isa = PBXBuildFile; fileRef = DD66823729859776009368F3 /* PreviewPhotosCollectionViewCell.swift */; };
		DD66823A29882E10009368F3 /* PhotosViewController.swift in Sources */ = {isa = PBXBuildFile; fileRef = DD66823929882E10009368F3 /* PhotosViewController.swift */; };
		DD66823C298837A6009368F3 /* PhotosCollectionViewCell.swift in Sources */ = {isa = PBXBuildFile; fileRef = DD66823B298837A6009368F3 /* PhotosCollectionViewCell.swift */; };
		DD72DA602A1DDD1F006563A9 /* LikedPostsCoordinator.swift in Sources */ = {isa = PBXBuildFile; fileRef = DD72DA5F2A1DDD1F006563A9 /* LikedPostsCoordinator.swift */; };
		DD72DA632A1DDD4A006563A9 /* LikedPosts.xcdatamodeld in Sources */ = {isa = PBXBuildFile; fileRef = DD72DA612A1DDD4A006563A9 /* LikedPosts.xcdatamodeld */; };
		DD72DA652A1DDD4E006563A9 /* LikedPostsViewController.swift in Sources */ = {isa = PBXBuildFile; fileRef = DD72DA642A1DDD4E006563A9 /* LikedPostsViewController.swift */; };
		DD72DA672A1DDD84006563A9 /* CoreDataManager.swift in Sources */ = {isa = PBXBuildFile; fileRef = DD72DA662A1DDD84006563A9 /* CoreDataManager.swift */; };
		DD72DA682A1DDD9D006563A9 /* Post.swift in Sources */ = {isa = PBXBuildFile; fileRef = DD18717E2982B6F000E489D9 /* Post.swift */; };
		DD78C3FD2950FD6D006D31F5 /* AppDelegate.swift in Sources */ = {isa = PBXBuildFile; fileRef = DD78C3FC2950FD6D006D31F5 /* AppDelegate.swift */; };
		DD78C3FF2950FD6D006D31F5 /* SceneDelegate.swift in Sources */ = {isa = PBXBuildFile; fileRef = DD78C3FE2950FD6D006D31F5 /* SceneDelegate.swift */; };
		DD78C4062950FD6E006D31F5 /* Assets.xcassets in Resources */ = {isa = PBXBuildFile; fileRef = DD78C4052950FD6E006D31F5 /* Assets.xcassets */; };
		DD78C41129510667006D31F5 /* FeedViewController.swift in Sources */ = {isa = PBXBuildFile; fileRef = DD78C41029510667006D31F5 /* FeedViewController.swift */; };
		DD78C41529510685006D31F5 /* PostViewController.swift in Sources */ = {isa = PBXBuildFile; fileRef = DD78C41429510685006D31F5 /* PostViewController.swift */; };
		DD78C41729524D1E006D31F5 /* Feed.swift in Sources */ = {isa = PBXBuildFile; fileRef = DD78C41629524D1E006D31F5 /* Feed.swift */; };
		DD78C4192952535F006D31F5 /* InfoViewController.swift in Sources */ = {isa = PBXBuildFile; fileRef = DD78C4182952535F006D31F5 /* InfoViewController.swift */; };
		DDA4787329DDC49300689E86 /* ProfileViewModel.swift in Sources */ = {isa = PBXBuildFile; fileRef = DDA4787229DDC49300689E86 /* ProfileViewModel.swift */; };
		DDA4787729DDC4CE00689E86 /* FeedViewModel.swift in Sources */ = {isa = PBXBuildFile; fileRef = DDA4787629DDC4CE00689E86 /* FeedViewModel.swift */; };
		DDD02FFA29757B0500D4E78A /* LoginViewController.swift in Sources */ = {isa = PBXBuildFile; fileRef = DDD02FF929757B0400D4E78A /* LoginViewController.swift */; };
		DDD9EF1F29F920540072F36A /* GoogleService-Info.plist in Resources */ = {isa = PBXBuildFile; fileRef = DDD9EF1E29F920540072F36A /* GoogleService-Info.plist */; };
		DDD9EF2029F920810072F36A /* GoogleService-Info.plist in Resources */ = {isa = PBXBuildFile; fileRef = DDD9EF1E29F920540072F36A /* GoogleService-Info.plist */; };
		DDD9EF2129F920820072F36A /* GoogleService-Info.plist in Resources */ = {isa = PBXBuildFile; fileRef = DDD9EF1E29F920540072F36A /* GoogleService-Info.plist */; };
		DDD9EF2429F922700072F36A /* FirebaseAnalytics in Frameworks */ = {isa = PBXBuildFile; productRef = DDD9EF2329F922700072F36A /* FirebaseAnalytics */; };
		DDD9EF2629F922700072F36A /* FirebaseAnalyticsSwift in Frameworks */ = {isa = PBXBuildFile; productRef = DDD9EF2529F922700072F36A /* FirebaseAnalyticsSwift */; };
		DDD9EF2829F922700072F36A /* FirebaseAppCheck in Frameworks */ = {isa = PBXBuildFile; productRef = DDD9EF2729F922700072F36A /* FirebaseAppCheck */; };
		DDD9EF2A29F922700072F36A /* FirebaseAuth in Frameworks */ = {isa = PBXBuildFile; productRef = DDD9EF2929F922700072F36A /* FirebaseAuth */; };
		DDD9EF2C29F922700072F36A /* FirebaseDatabase in Frameworks */ = {isa = PBXBuildFile; productRef = DDD9EF2B29F922700072F36A /* FirebaseDatabase */; };
		DDD9EF2E29F922700072F36A /* FirebaseDatabaseSwift in Frameworks */ = {isa = PBXBuildFile; productRef = DDD9EF2D29F922700072F36A /* FirebaseDatabaseSwift */; };
		DDD9EF3029F922700072F36A /* FirebaseFirestore in Frameworks */ = {isa = PBXBuildFile; productRef = DDD9EF2F29F922700072F36A /* FirebaseFirestore */; };
		DDD9EF3229F922700072F36A /* FirebaseFirestoreSwift in Frameworks */ = {isa = PBXBuildFile; productRef = DDD9EF3129F922700072F36A /* FirebaseFirestoreSwift */; };
		DDD9EF3429F922700072F36A /* FirebaseFunctions in Frameworks */ = {isa = PBXBuildFile; productRef = DDD9EF3329F922700072F36A /* FirebaseFunctions */; };
		DDD9EF3629F922700072F36A /* FirebaseInstallations in Frameworks */ = {isa = PBXBuildFile; productRef = DDD9EF3529F922700072F36A /* FirebaseInstallations */; };
		DDD9EF3829F922700072F36A /* FirebaseStorage in Frameworks */ = {isa = PBXBuildFile; productRef = DDD9EF3729F922700072F36A /* FirebaseStorage */; };
		DDE1F6402A31D3D900E91072 /* Picker.swift in Sources */ = {isa = PBXBuildFile; fileRef = DDE1F63F2A31D3D900E91072 /* Picker.swift */; };
		DDE6ABE629DD921F004856B4 /* AppCoordinator.swift in Sources */ = {isa = PBXBuildFile; fileRef = DDE6ABE529DD921F004856B4 /* AppCoordinator.swift */; };
		DDE6ABE929DD931A004856B4 /* MainCoordinator.swift in Sources */ = {isa = PBXBuildFile; fileRef = DDE6ABE829DD931A004856B4 /* MainCoordinator.swift */; };
		DDE6ABEB29DD9336004856B4 /* LoginCoordinator.swift in Sources */ = {isa = PBXBuildFile; fileRef = DDE6ABEA29DD9336004856B4 /* LoginCoordinator.swift */; };
		DDE6ABED29DD9344004856B4 /* FeedCoordinator.swift in Sources */ = {isa = PBXBuildFile; fileRef = DDE6ABEC29DD9344004856B4 /* FeedCoordinator.swift */; };
		DDE6ABEF29DD9CE7004856B4 /* PostCoordinator.swift in Sources */ = {isa = PBXBuildFile; fileRef = DDE6ABEE29DD9CE7004856B4 /* PostCoordinator.swift */; };
		DDEB965A295B9D7D0066CA14 /* ProfileHeaderView.swift in Sources */ = {isa = PBXBuildFile; fileRef = DDEB9659295B9D7D0066CA14 /* ProfileHeaderView.swift */; };
		DDEB965C295B9DB20066CA14 /* ProfileViewController.swift in Sources */ = {isa = PBXBuildFile; fileRef = DDEB965B295B9DB20066CA14 /* ProfileViewController.swift */; };
/* End PBXBuildFile section */

/* Begin PBXContainerItemProxy section */
		DD511C7A29AFA4460021D4AC /* PBXContainerItemProxy */ = {
			isa = PBXContainerItemProxy;
			containerPortal = DD78C3F12950FD6D006D31F5 /* Project object */;
			proxyType = 1;
			remoteGlobalIDString = DD511C6E29AFA4460021D4AC;
			remoteInfo = StorageService;
		};
		DD511C7C29AFA4460021D4AC /* PBXContainerItemProxy */ = {
			isa = PBXContainerItemProxy;
			containerPortal = DD78C3F12950FD6D006D31F5 /* Project object */;
			proxyType = 1;
			remoteGlobalIDString = DD78C3F82950FD6D006D31F5;
			remoteInfo = Navigation;
		};
		DD511C8229AFA4460021D4AC /* PBXContainerItemProxy */ = {
			isa = PBXContainerItemProxy;
			containerPortal = DD78C3F12950FD6D006D31F5 /* Project object */;
			proxyType = 1;
			remoteGlobalIDString = DD511C6E29AFA4460021D4AC;
			remoteInfo = StorageService;
		};
/* End PBXContainerItemProxy section */

/* Begin PBXCopyFilesBuildPhase section */
		DD511C8629AFA4460021D4AC /* Embed Frameworks */ = {
			isa = PBXCopyFilesBuildPhase;
			buildActionMask = 2147483647;
			dstPath = "";
			dstSubfolderSpec = 10;
			files = (
				DD511C8529AFA4460021D4AC /* StorageService.framework in Embed Frameworks */,
			);
			name = "Embed Frameworks";
			runOnlyForDeploymentPostprocessing = 0;
		};
/* End PBXCopyFilesBuildPhase section */

/* Begin PBXFileReference section */
		DD179C2729E97F9900222732 /* NetworkService.swift */ = {isa = PBXFileReference; lastKnownFileType = sourcecode.swift; path = NetworkService.swift; sourceTree = "<group>"; };
		DD179C2929E9C57A00222732 /* JSONModel.swift */ = {isa = PBXFileReference; lastKnownFileType = sourcecode.swift; path = JSONModel.swift; sourceTree = "<group>"; };
		DD18717C297F070100E489D9 /* PostTableViewCell.swift */ = {isa = PBXFileReference; lastKnownFileType = sourcecode.swift; path = PostTableViewCell.swift; sourceTree = "<group>"; };
		DD18717E2982B6F000E489D9 /* Post.swift */ = {isa = PBXFileReference; lastKnownFileType = sourcecode.swift; path = Post.swift; sourceTree = "<group>"; };
		DD187183298427ED00E489D9 /* Photo.swift */ = {isa = PBXFileReference; lastKnownFileType = sourcecode.swift; path = Photo.swift; sourceTree = "<group>"; };
		DD2C6DC029DEBC47009E9B14 /* ProfileCoordinator.swift */ = {isa = PBXFileReference; lastKnownFileType = sourcecode.swift; path = ProfileCoordinator.swift; sourceTree = "<group>"; };
		DD2E31E429CB682500735DCD /* Button.swift */ = {isa = PBXFileReference; lastKnownFileType = sourcecode.swift; path = Button.swift; sourceTree = "<group>"; };
		DD4A722E29C327B600D73702 /* UserService.swift */ = {isa = PBXFileReference; lastKnownFileType = sourcecode.swift; path = UserService.swift; sourceTree = "<group>"; };
		DD511C6F29AFA4460021D4AC /* StorageService.framework */ = {isa = PBXFileReference; explicitFileType = wrapper.framework; includeInIndex = 0; path = StorageService.framework; sourceTree = BUILT_PRODUCTS_DIR; };
		DD511C7129AFA4460021D4AC /* StorageService.h */ = {isa = PBXFileReference; lastKnownFileType = sourcecode.c.h; path = StorageService.h; sourceTree = "<group>"; };
		DD511C7229AFA4460021D4AC /* StorageService.docc */ = {isa = PBXFileReference; lastKnownFileType = folder.documentationcatalog; path = StorageService.docc; sourceTree = "<group>"; };
		DD511C7829AFA4460021D4AC /* StorageServiceTests.xctest */ = {isa = PBXFileReference; explicitFileType = wrapper.cfbundle; includeInIndex = 0; path = StorageServiceTests.xctest; sourceTree = BUILT_PRODUCTS_DIR; };
		DD511C7F29AFA4460021D4AC /* StorageServiceTests.swift */ = {isa = PBXFileReference; lastKnownFileType = sourcecode.swift; path = StorageServiceTests.swift; sourceTree = "<group>"; };
		DD511C9329B368290021D4AC /* User.swift */ = {isa = PBXFileReference; lastKnownFileType = sourcecode.swift; path = User.swift; sourceTree = "<group>"; };
		DD6682352985832F009368F3 /* PhotosTableViewCell.swift */ = {isa = PBXFileReference; lastKnownFileType = sourcecode.swift; path = PhotosTableViewCell.swift; sourceTree = "<group>"; };
		DD66823729859776009368F3 /* PreviewPhotosCollectionViewCell.swift */ = {isa = PBXFileReference; lastKnownFileType = sourcecode.swift; path = PreviewPhotosCollectionViewCell.swift; sourceTree = "<group>"; };
		DD66823929882E10009368F3 /* PhotosViewController.swift */ = {isa = PBXFileReference; lastKnownFileType = sourcecode.swift; path = PhotosViewController.swift; sourceTree = "<group>"; };
		DD66823B298837A6009368F3 /* PhotosCollectionViewCell.swift */ = {isa = PBXFileReference; lastKnownFileType = sourcecode.swift; path = PhotosCollectionViewCell.swift; sourceTree = "<group>"; };
		DD72DA5F2A1DDD1F006563A9 /* LikedPostsCoordinator.swift */ = {isa = PBXFileReference; fileEncoding = 4; lastKnownFileType = sourcecode.swift; path = LikedPostsCoordinator.swift; sourceTree = "<group>"; };
		DD72DA622A1DDD4A006563A9 /* LikedPosts.xcdatamodel */ = {isa = PBXFileReference; lastKnownFileType = wrapper.xcdatamodel; path = LikedPosts.xcdatamodel; sourceTree = "<group>"; };
		DD72DA642A1DDD4E006563A9 /* LikedPostsViewController.swift */ = {isa = PBXFileReference; fileEncoding = 4; lastKnownFileType = sourcecode.swift; path = LikedPostsViewController.swift; sourceTree = "<group>"; };
		DD72DA662A1DDD84006563A9 /* CoreDataManager.swift */ = {isa = PBXFileReference; fileEncoding = 4; lastKnownFileType = sourcecode.swift; path = CoreDataManager.swift; sourceTree = "<group>"; };
		DD78C3F92950FD6D006D31F5 /* Navigation.app */ = {isa = PBXFileReference; explicitFileType = wrapper.application; includeInIndex = 0; path = Navigation.app; sourceTree = BUILT_PRODUCTS_DIR; };
		DD78C3FC2950FD6D006D31F5 /* AppDelegate.swift */ = {isa = PBXFileReference; lastKnownFileType = sourcecode.swift; path = AppDelegate.swift; sourceTree = "<group>"; };
		DD78C3FE2950FD6D006D31F5 /* SceneDelegate.swift */ = {isa = PBXFileReference; lastKnownFileType = sourcecode.swift; path = SceneDelegate.swift; sourceTree = "<group>"; };
		DD78C4052950FD6E006D31F5 /* Assets.xcassets */ = {isa = PBXFileReference; lastKnownFileType = folder.assetcatalog; path = Assets.xcassets; sourceTree = "<group>"; };
		DD78C40A2950FD6E006D31F5 /* Info.plist */ = {isa = PBXFileReference; lastKnownFileType = text.plist.xml; path = Info.plist; sourceTree = "<group>"; };
		DD78C41029510667006D31F5 /* FeedViewController.swift */ = {isa = PBXFileReference; lastKnownFileType = sourcecode.swift; path = FeedViewController.swift; sourceTree = "<group>"; };
		DD78C41429510685006D31F5 /* PostViewController.swift */ = {isa = PBXFileReference; lastKnownFileType = sourcecode.swift; path = PostViewController.swift; sourceTree = "<group>"; };
		DD78C41629524D1E006D31F5 /* Feed.swift */ = {isa = PBXFileReference; lastKnownFileType = sourcecode.swift; path = Feed.swift; sourceTree = "<group>"; };
		DD78C4182952535F006D31F5 /* InfoViewController.swift */ = {isa = PBXFileReference; lastKnownFileType = sourcecode.swift; path = InfoViewController.swift; sourceTree = "<group>"; };
		DDA4787229DDC49300689E86 /* ProfileViewModel.swift */ = {isa = PBXFileReference; lastKnownFileType = sourcecode.swift; path = ProfileViewModel.swift; sourceTree = "<group>"; };
		DDA4787629DDC4CE00689E86 /* FeedViewModel.swift */ = {isa = PBXFileReference; lastKnownFileType = sourcecode.swift; path = FeedViewModel.swift; sourceTree = "<group>"; };
		DDD02FF929757B0400D4E78A /* LoginViewController.swift */ = {isa = PBXFileReference; lastKnownFileType = sourcecode.swift; path = LoginViewController.swift; sourceTree = "<group>"; };
		DDD9EF1E29F920540072F36A /* GoogleService-Info.plist */ = {isa = PBXFileReference; fileEncoding = 4; lastKnownFileType = text.plist.xml; path = "GoogleService-Info.plist"; sourceTree = "<group>"; };
		DDE1F63F2A31D3D900E91072 /* Picker.swift */ = {isa = PBXFileReference; lastKnownFileType = sourcecode.swift; path = Picker.swift; sourceTree = "<group>"; };
		DDE6ABE529DD921F004856B4 /* AppCoordinator.swift */ = {isa = PBXFileReference; lastKnownFileType = sourcecode.swift; path = AppCoordinator.swift; sourceTree = "<group>"; };
		DDE6ABE829DD931A004856B4 /* MainCoordinator.swift */ = {isa = PBXFileReference; lastKnownFileType = sourcecode.swift; path = MainCoordinator.swift; sourceTree = "<group>"; };
		DDE6ABEA29DD9336004856B4 /* LoginCoordinator.swift */ = {isa = PBXFileReference; lastKnownFileType = sourcecode.swift; path = LoginCoordinator.swift; sourceTree = "<group>"; };
		DDE6ABEC29DD9344004856B4 /* FeedCoordinator.swift */ = {isa = PBXFileReference; lastKnownFileType = sourcecode.swift; path = FeedCoordinator.swift; sourceTree = "<group>"; };
		DDE6ABEE29DD9CE7004856B4 /* PostCoordinator.swift */ = {isa = PBXFileReference; lastKnownFileType = sourcecode.swift; path = PostCoordinator.swift; sourceTree = "<group>"; };
		DDEB9659295B9D7D0066CA14 /* ProfileHeaderView.swift */ = {isa = PBXFileReference; lastKnownFileType = sourcecode.swift; path = ProfileHeaderView.swift; sourceTree = "<group>"; };
		DDEB965B295B9DB20066CA14 /* ProfileViewController.swift */ = {isa = PBXFileReference; lastKnownFileType = sourcecode.swift; path = ProfileViewController.swift; sourceTree = "<group>"; };
/* End PBXFileReference section */

/* Begin PBXFrameworksBuildPhase section */
		DD511C6C29AFA4460021D4AC /* Frameworks */ = {
			isa = PBXFrameworksBuildPhase;
			buildActionMask = 2147483647;
			files = (
			);
			runOnlyForDeploymentPostprocessing = 0;
		};
		DD511C7529AFA4460021D4AC /* Frameworks */ = {
			isa = PBXFrameworksBuildPhase;
			buildActionMask = 2147483647;
			files = (
				DD511C7929AFA4460021D4AC /* StorageService.framework in Frameworks */,
			);
			runOnlyForDeploymentPostprocessing = 0;
		};
		DD78C3F62950FD6D006D31F5 /* Frameworks */ = {
			isa = PBXFrameworksBuildPhase;
			buildActionMask = 2147483647;
			files = (
				DD4A723A29C8D33900D73702 /* SnapKit in Frameworks */,
				DD511C8429AFA4460021D4AC /* StorageService.framework in Frameworks */,
				DDD9EF3629F922700072F36A /* FirebaseInstallations in Frameworks */,
				DDD9EF2429F922700072F36A /* FirebaseAnalytics in Frameworks */,
				DDD9EF3429F922700072F36A /* FirebaseFunctions in Frameworks */,
				DDD9EF3029F922700072F36A /* FirebaseFirestore in Frameworks */,
				DDD9EF2E29F922700072F36A /* FirebaseDatabaseSwift in Frameworks */,
				DDD9EF3229F922700072F36A /* FirebaseFirestoreSwift in Frameworks */,
				DD4A723529C4DBFA00D73702 /* iOSIntPackage in Frameworks */,
				DDD9EF2829F922700072F36A /* FirebaseAppCheck in Frameworks */,
				DDD9EF2A29F922700072F36A /* FirebaseAuth in Frameworks */,
				DDD9EF3829F922700072F36A /* FirebaseStorage in Frameworks */,
				DDD9EF2C29F922700072F36A /* FirebaseDatabase in Frameworks */,
				DDD9EF2629F922700072F36A /* FirebaseAnalyticsSwift in Frameworks */,
			);
			runOnlyForDeploymentPostprocessing = 0;
		};
/* End PBXFrameworksBuildPhase section */

/* Begin PBXGroup section */
		DD18715129774C8B00E489D9 /* HomeWork */ = {
			isa = PBXGroup;
			children = (
				DDA4787529DDC4B300689E86 /* Feed */,
				DDE6ABE729DD930A004856B4 /* Coordinators */,
				DD66823E29883C21009368F3 /* Photos */,
				DD1871802982EE4C00E489D9 /* Models */,
				DDEB9658295B98740066CA14 /* Profile */,
				DD78C3FB2950FD6D006D31F5 /* Navigation */,
			);
			path = HomeWork;
			sourceTree = "<group>";
		};
		DD1871802982EE4C00E489D9 /* Models */ = {
			isa = PBXGroup;
			children = (
				DD78C41629524D1E006D31F5 /* Feed.swift */,
				DD187183298427ED00E489D9 /* Photo.swift */,
				DD511C9329B368290021D4AC /* User.swift */,
				DD4A722E29C327B600D73702 /* UserService.swift */,
				DD2E31E429CB682500735DCD /* Button.swift */,
				DD179C2729E97F9900222732 /* NetworkService.swift */,
				DD179C2929E9C57A00222732 /* JSONModel.swift */,
				DDE1F63F2A31D3D900E91072 /* Picker.swift */,
			);
			path = Models;
			sourceTree = "<group>";
		};
		DD511C7029AFA4460021D4AC /* StorageService */ = {
			isa = PBXGroup;
			children = (
				DD18717E2982B6F000E489D9 /* Post.swift */,
				DD511C7129AFA4460021D4AC /* StorageService.h */,
				DD511C7229AFA4460021D4AC /* StorageService.docc */,
			);
			path = StorageService;
			sourceTree = "<group>";
		};
		DD511C7E29AFA4460021D4AC /* StorageServiceTests */ = {
			isa = PBXGroup;
			children = (
				DD511C7F29AFA4460021D4AC /* StorageServiceTests.swift */,
			);
			path = StorageServiceTests;
			sourceTree = "<group>";
		};
		DD66823E29883C21009368F3 /* Photos */ = {
			isa = PBXGroup;
			children = (
				DD66823B298837A6009368F3 /* PhotosCollectionViewCell.swift */,
				DD66823929882E10009368F3 /* PhotosViewController.swift */,
				DD6682352985832F009368F3 /* PhotosTableViewCell.swift */,
				DD66823729859776009368F3 /* PreviewPhotosCollectionViewCell.swift */,
			);
			path = Photos;
			sourceTree = "<group>";
		};
		DD78C3F02950FD6D006D31F5 = {
			isa = PBXGroup;
			children = (
				DD18715129774C8B00E489D9 /* HomeWork */,
				DD511C7029AFA4460021D4AC /* StorageService */,
				DD511C7E29AFA4460021D4AC /* StorageServiceTests */,
				DD78C3FA2950FD6D006D31F5 /* Products */,
			);
			sourceTree = "<group>";
		};
		DD78C3FA2950FD6D006D31F5 /* Products */ = {
			isa = PBXGroup;
			children = (
				DD78C3F92950FD6D006D31F5 /* Navigation.app */,
				DD511C6F29AFA4460021D4AC /* StorageService.framework */,
				DD511C7829AFA4460021D4AC /* StorageServiceTests.xctest */,
			);
			name = Products;
			sourceTree = "<group>";
		};
		DD78C3FB2950FD6D006D31F5 /* Navigation */ = {
			isa = PBXGroup;
			children = (
				DD78C3FC2950FD6D006D31F5 /* AppDelegate.swift */,
				DD72DA642A1DDD4E006563A9 /* LikedPostsViewController.swift */,
				DD78C3FE2950FD6D006D31F5 /* SceneDelegate.swift */,
				DD72DA662A1DDD84006563A9 /* CoreDataManager.swift */,
				DD78C41429510685006D31F5 /* PostViewController.swift */,
				DD18717C297F070100E489D9 /* PostTableViewCell.swift */,
				DD72DA612A1DDD4A006563A9 /* LikedPosts.xcdatamodeld */,
				DD78C4182952535F006D31F5 /* InfoViewController.swift */,
				DD78C4052950FD6E006D31F5 /* Assets.xcassets */,
				DD78C40A2950FD6E006D31F5 /* Info.plist */,
				DDD9EF1E29F920540072F36A /* GoogleService-Info.plist */,
			);
			path = Navigation;
			sourceTree = "<group>";
		};
		DDA4787529DDC4B300689E86 /* Feed */ = {
			isa = PBXGroup;
			children = (
				DD78C41029510667006D31F5 /* FeedViewController.swift */,
				DDA4787629DDC4CE00689E86 /* FeedViewModel.swift */,
			);
			path = Feed;
			sourceTree = "<group>";
		};
		DDE6ABE729DD930A004856B4 /* Coordinators */ = {
			isa = PBXGroup;
			children = (
				DDE6ABE529DD921F004856B4 /* AppCoordinator.swift */,
				DDE6ABE829DD931A004856B4 /* MainCoordinator.swift */,
				DDE6ABEA29DD9336004856B4 /* LoginCoordinator.swift */,
				DD72DA5F2A1DDD1F006563A9 /* LikedPostsCoordinator.swift */,
				DDE6ABEC29DD9344004856B4 /* FeedCoordinator.swift */,
				DDE6ABEE29DD9CE7004856B4 /* PostCoordinator.swift */,
				DD2C6DC029DEBC47009E9B14 /* ProfileCoordinator.swift */,
			);
			path = Coordinators;
			sourceTree = "<group>";
		};
		DDEB9658295B98740066CA14 /* Profile */ = {
			isa = PBXGroup;
			children = (
				DDEB9659295B9D7D0066CA14 /* ProfileHeaderView.swift */,
				DDD02FF929757B0400D4E78A /* LoginViewController.swift */,
				DDEB965B295B9DB20066CA14 /* ProfileViewController.swift */,
				DDA4787229DDC49300689E86 /* ProfileViewModel.swift */,
			);
			path = Profile;
			sourceTree = "<group>";
		};
/* End PBXGroup section */

/* Begin PBXHeadersBuildPhase section */
		DD511C6A29AFA4460021D4AC /* Headers */ = {
			isa = PBXHeadersBuildPhase;
			buildActionMask = 2147483647;
			files = (
				DD511C8129AFA4460021D4AC /* StorageService.h in Headers */,
			);
			runOnlyForDeploymentPostprocessing = 0;
		};
/* End PBXHeadersBuildPhase section */

/* Begin PBXNativeTarget section */
		DD511C6E29AFA4460021D4AC /* StorageService */ = {
			isa = PBXNativeTarget;
			buildConfigurationList = DD511C8B29AFA4460021D4AC /* Build configuration list for PBXNativeTarget "StorageService" */;
			buildPhases = (
				DD511C6A29AFA4460021D4AC /* Headers */,
				DD511C6B29AFA4460021D4AC /* Sources */,
				DD511C6C29AFA4460021D4AC /* Frameworks */,
				DD511C6D29AFA4460021D4AC /* Resources */,
			);
			buildRules = (
			);
			dependencies = (
			);
			name = StorageService;
			productName = StorageService;
			productReference = DD511C6F29AFA4460021D4AC /* StorageService.framework */;
			productType = "com.apple.product-type.framework";
		};
		DD511C7729AFA4460021D4AC /* StorageServiceTests */ = {
			isa = PBXNativeTarget;
			buildConfigurationList = DD511C8C29AFA4460021D4AC /* Build configuration list for PBXNativeTarget "StorageServiceTests" */;
			buildPhases = (
				DD511C7429AFA4460021D4AC /* Sources */,
				DD511C7529AFA4460021D4AC /* Frameworks */,
				DD511C7629AFA4460021D4AC /* Resources */,
			);
			buildRules = (
			);
			dependencies = (
				DD511C7B29AFA4460021D4AC /* PBXTargetDependency */,
				DD511C7D29AFA4460021D4AC /* PBXTargetDependency */,
			);
			name = StorageServiceTests;
			productName = StorageServiceTests;
			productReference = DD511C7829AFA4460021D4AC /* StorageServiceTests.xctest */;
			productType = "com.apple.product-type.bundle.unit-test";
		};
		DD78C3F82950FD6D006D31F5 /* Navigation */ = {
			isa = PBXNativeTarget;
			buildConfigurationList = DD78C40D2950FD6E006D31F5 /* Build configuration list for PBXNativeTarget "Navigation" */;
			buildPhases = (
				DD78C3F52950FD6D006D31F5 /* Sources */,
				DD78C3F62950FD6D006D31F5 /* Frameworks */,
				DD78C3F72950FD6D006D31F5 /* Resources */,
				DD511C8629AFA4460021D4AC /* Embed Frameworks */,
			);
			buildRules = (
			);
			dependencies = (
				DD511C8329AFA4460021D4AC /* PBXTargetDependency */,
			);
			name = Navigation;
			packageProductDependencies = (
				DD4A723429C4DBFA00D73702 /* iOSIntPackage */,
				DD4A723929C8D33900D73702 /* SnapKit */,
				DDD9EF2329F922700072F36A /* FirebaseAnalytics */,
				DDD9EF2529F922700072F36A /* FirebaseAnalyticsSwift */,
				DDD9EF2729F922700072F36A /* FirebaseAppCheck */,
				DDD9EF2929F922700072F36A /* FirebaseAuth */,
				DDD9EF2B29F922700072F36A /* FirebaseDatabase */,
				DDD9EF2D29F922700072F36A /* FirebaseDatabaseSwift */,
				DDD9EF2F29F922700072F36A /* FirebaseFirestore */,
				DDD9EF3129F922700072F36A /* FirebaseFirestoreSwift */,
				DDD9EF3329F922700072F36A /* FirebaseFunctions */,
				DDD9EF3529F922700072F36A /* FirebaseInstallations */,
				DDD9EF3729F922700072F36A /* FirebaseStorage */,
			);
			productName = Navigation;
			productReference = DD78C3F92950FD6D006D31F5 /* Navigation.app */;
			productType = "com.apple.product-type.application";
		};
/* End PBXNativeTarget section */

/* Begin PBXProject section */
		DD78C3F12950FD6D006D31F5 /* Project object */ = {
			isa = PBXProject;
			attributes = {
				BuildIndependentTargetsInParallel = 1;
				LastSwiftUpdateCheck = 1420;
				LastUpgradeCheck = 1410;
				TargetAttributes = {
					DD511C6E29AFA4460021D4AC = {
						CreatedOnToolsVersion = 14.2;
					};
					DD511C7729AFA4460021D4AC = {
						CreatedOnToolsVersion = 14.2;
						TestTargetID = DD78C3F82950FD6D006D31F5;
					};
					DD78C3F82950FD6D006D31F5 = {
						CreatedOnToolsVersion = 14.1;
					};
				};
			};
			buildConfigurationList = DD78C3F42950FD6D006D31F5 /* Build configuration list for PBXProject "Navigation" */;
			compatibilityVersion = "Xcode 14.0";
			developmentRegion = en;
			hasScannedForEncodings = 0;
			knownRegions = (
				en,
				Base,
			);
			mainGroup = DD78C3F02950FD6D006D31F5;
			packageReferences = (
				DD4A723329C4DBFA00D73702 /* XCRemoteSwiftPackageReference "iOSIntPackage" */,
				DD4A723829C8D33900D73702 /* XCRemoteSwiftPackageReference "SnapKit" */,
				DDD9EF2229F922700072F36A /* XCRemoteSwiftPackageReference "firebase-ios-sdk" */,
			);
			productRefGroup = DD78C3FA2950FD6D006D31F5 /* Products */;
			projectDirPath = "";
			projectRoot = "";
			targets = (
				DD78C3F82950FD6D006D31F5 /* Navigation */,
				DD511C6E29AFA4460021D4AC /* StorageService */,
				DD511C7729AFA4460021D4AC /* StorageServiceTests */,
			);
		};
/* End PBXProject section */

/* Begin PBXResourcesBuildPhase section */
		DD511C6D29AFA4460021D4AC /* Resources */ = {
			isa = PBXResourcesBuildPhase;
			buildActionMask = 2147483647;
			files = (
				DDD9EF2029F920810072F36A /* GoogleService-Info.plist in Resources */,
			);
			runOnlyForDeploymentPostprocessing = 0;
		};
		DD511C7629AFA4460021D4AC /* Resources */ = {
			isa = PBXResourcesBuildPhase;
			buildActionMask = 2147483647;
			files = (
				DDD9EF2129F920820072F36A /* GoogleService-Info.plist in Resources */,
			);
			runOnlyForDeploymentPostprocessing = 0;
		};
		DD78C3F72950FD6D006D31F5 /* Resources */ = {
			isa = PBXResourcesBuildPhase;
			buildActionMask = 2147483647;
			files = (
				DD78C4062950FD6E006D31F5 /* Assets.xcassets in Resources */,
				DDD9EF1F29F920540072F36A /* GoogleService-Info.plist in Resources */,
			);
			runOnlyForDeploymentPostprocessing = 0;
		};
/* End PBXResourcesBuildPhase section */

/* Begin PBXSourcesBuildPhase section */
		DD511C6B29AFA4460021D4AC /* Sources */ = {
			isa = PBXSourcesBuildPhase;
			buildActionMask = 2147483647;
			files = (
				DD511C7329AFA4460021D4AC /* StorageService.docc in Sources */,
			);
			runOnlyForDeploymentPostprocessing = 0;
		};
		DD511C7429AFA4460021D4AC /* Sources */ = {
			isa = PBXSourcesBuildPhase;
			buildActionMask = 2147483647;
			files = (
				DD511C8029AFA4460021D4AC /* StorageServiceTests.swift in Sources */,
			);
			runOnlyForDeploymentPostprocessing = 0;
		};
		DD78C3F52950FD6D006D31F5 /* Sources */ = {
			isa = PBXSourcesBuildPhase;
			buildActionMask = 2147483647;
			files = (
				DDA4787729DDC4CE00689E86 /* FeedViewModel.swift in Sources */,
				DDE1F6402A31D3D900E91072 /* Picker.swift in Sources */,
				DDD02FFA29757B0500D4E78A /* LoginViewController.swift in Sources */,
				DD78C41729524D1E006D31F5 /* Feed.swift in Sources */,
				DD78C3FD2950FD6D006D31F5 /* AppDelegate.swift in Sources */,
				DD78C41129510667006D31F5 /* FeedViewController.swift in Sources */,
				DD511C9429B368290021D4AC /* User.swift in Sources */,
				DD187184298427ED00E489D9 /* Photo.swift in Sources */,
				DDA4787329DDC49300689E86 /* ProfileViewModel.swift in Sources */,
				DD72DA652A1DDD4E006563A9 /* LikedPostsViewController.swift in Sources */,
				DD2C6DC129DEBC48009E9B14 /* ProfileCoordinator.swift in Sources */,
				DD72DA632A1DDD4A006563A9 /* LikedPosts.xcdatamodeld in Sources */,
				DD4A722F29C327B600D73702 /* UserService.swift in Sources */,
				DD72DA682A1DDD9D006563A9 /* Post.swift in Sources */,
				DD72DA602A1DDD1F006563A9 /* LikedPostsCoordinator.swift in Sources */,
				DD2E31E529CB682500735DCD /* Button.swift in Sources */,
				DD72DA672A1DDD84006563A9 /* CoreDataManager.swift in Sources */,
				DD78C4192952535F006D31F5 /* InfoViewController.swift in Sources */,
				DDE6ABEB29DD9336004856B4 /* LoginCoordinator.swift in Sources */,
				DD179C2829E97F9900222732 /* NetworkService.swift in Sources */,
				DD78C3FF2950FD6D006D31F5 /* SceneDelegate.swift in Sources */,
				DDEB965C295B9DB20066CA14 /* ProfileViewController.swift in Sources */,
				DD66823A29882E10009368F3 /* PhotosViewController.swift in Sources */,
				DD6682362985832F009368F3 /* PhotosTableViewCell.swift in Sources */,
				DDE6ABE929DD931A004856B4 /* MainCoordinator.swift in Sources */,
				DD18717D297F070100E489D9 /* PostTableViewCell.swift in Sources */,
				DD78C41529510685006D31F5 /* PostViewController.swift in Sources */,
				DDE6ABE629DD921F004856B4 /* AppCoordinator.swift in Sources */,
				DDE6ABED29DD9344004856B4 /* FeedCoordinator.swift in Sources */,
				DDE6ABEF29DD9CE7004856B4 /* PostCoordinator.swift in Sources */,
				DD66823C298837A6009368F3 /* PhotosCollectionViewCell.swift in Sources */,
				DD179C2A29E9C57A00222732 /* JSONModel.swift in Sources */,
				DD66823829859776009368F3 /* PreviewPhotosCollectionViewCell.swift in Sources */,
				DDEB965A295B9D7D0066CA14 /* ProfileHeaderView.swift in Sources */,
			);
			runOnlyForDeploymentPostprocessing = 0;
		};
/* End PBXSourcesBuildPhase section */

/* Begin PBXTargetDependency section */
		DD511C7B29AFA4460021D4AC /* PBXTargetDependency */ = {
			isa = PBXTargetDependency;
			target = DD511C6E29AFA4460021D4AC /* StorageService */;
			targetProxy = DD511C7A29AFA4460021D4AC /* PBXContainerItemProxy */;
		};
		DD511C7D29AFA4460021D4AC /* PBXTargetDependency */ = {
			isa = PBXTargetDependency;
			target = DD78C3F82950FD6D006D31F5 /* Navigation */;
			targetProxy = DD511C7C29AFA4460021D4AC /* PBXContainerItemProxy */;
		};
		DD511C8329AFA4460021D4AC /* PBXTargetDependency */ = {
			isa = PBXTargetDependency;
			target = DD511C6E29AFA4460021D4AC /* StorageService */;
			targetProxy = DD511C8229AFA4460021D4AC /* PBXContainerItemProxy */;
		};
/* End PBXTargetDependency section */

/* Begin XCBuildConfiguration section */
		DD511C8729AFA4460021D4AC /* Debug */ = {
			isa = XCBuildConfiguration;
			buildSettings = {
				CODE_SIGN_IDENTITY = "Apple Development";
				CODE_SIGN_STYLE = Automatic;
				CURRENT_PROJECT_VERSION = 1;
				DEFINES_MODULE = YES;
				DEVELOPMENT_TEAM = B8NB6YD92C;
				DYLIB_COMPATIBILITY_VERSION = 1;
				DYLIB_CURRENT_VERSION = 1;
				DYLIB_INSTALL_NAME_BASE = "@rpath";
				GENERATE_INFOPLIST_FILE = YES;
				INFOPLIST_KEY_NSHumanReadableCopyright = "";
				INSTALL_PATH = "$(LOCAL_LIBRARY_DIR)/Frameworks";
				IPHONEOS_DEPLOYMENT_TARGET = 16.2;
				LD_RUNPATH_SEARCH_PATHS = (
					"$(inherited)",
					"@executable_path/Frameworks",
					"@loader_path/Frameworks",
				);
				MARKETING_VERSION = 1.0;
				PRODUCT_BUNDLE_IDENTIFIER = ru.mamba.StorageService;
				PRODUCT_NAME = "$(TARGET_NAME:c99extidentifier)";
				SKIP_INSTALL = YES;
				SWIFT_EMIT_LOC_STRINGS = YES;
				SWIFT_VERSION = 5.0;
				TARGETED_DEVICE_FAMILY = "1,2";
				VERSIONING_SYSTEM = "apple-generic";
				VERSION_INFO_PREFIX = "";
			};
			name = Debug;
		};
		DD511C8829AFA4460021D4AC /* Release */ = {
			isa = XCBuildConfiguration;
			buildSettings = {
				CODE_SIGN_IDENTITY = "Apple Development";
				CODE_SIGN_STYLE = Automatic;
				CURRENT_PROJECT_VERSION = 1;
				DEFINES_MODULE = YES;
				DEVELOPMENT_TEAM = B8NB6YD92C;
				DYLIB_COMPATIBILITY_VERSION = 1;
				DYLIB_CURRENT_VERSION = 1;
				DYLIB_INSTALL_NAME_BASE = "@rpath";
				GENERATE_INFOPLIST_FILE = YES;
				INFOPLIST_KEY_NSHumanReadableCopyright = "";
				INSTALL_PATH = "$(LOCAL_LIBRARY_DIR)/Frameworks";
				IPHONEOS_DEPLOYMENT_TARGET = 16.2;
				LD_RUNPATH_SEARCH_PATHS = (
					"$(inherited)",
					"@executable_path/Frameworks",
					"@loader_path/Frameworks",
				);
				MARKETING_VERSION = 1.0;
				PRODUCT_BUNDLE_IDENTIFIER = ru.mamba.StorageService;
				PRODUCT_NAME = "$(TARGET_NAME:c99extidentifier)";
				SKIP_INSTALL = YES;
				SWIFT_EMIT_LOC_STRINGS = YES;
				SWIFT_VERSION = 5.0;
				TARGETED_DEVICE_FAMILY = "1,2";
				VERSIONING_SYSTEM = "apple-generic";
				VERSION_INFO_PREFIX = "";
			};
			name = Release;
		};
		DD511C8929AFA4460021D4AC /* Debug */ = {
			isa = XCBuildConfiguration;
			buildSettings = {
				CODE_SIGN_STYLE = Automatic;
				CURRENT_PROJECT_VERSION = 1;
				DEVELOPMENT_TEAM = B8NB6YD92C;
				GENERATE_INFOPLIST_FILE = YES;
				IPHONEOS_DEPLOYMENT_TARGET = 16.2;
				MARKETING_VERSION = 1.0;
				PRODUCT_BUNDLE_IDENTIFIER = ru.mamba.StorageServiceTests;
				PRODUCT_NAME = "$(TARGET_NAME)";
				SWIFT_EMIT_LOC_STRINGS = NO;
				SWIFT_VERSION = 5.0;
				TARGETED_DEVICE_FAMILY = "1,2";
				TEST_HOST = "$(BUILT_PRODUCTS_DIR)/Navigation.app/$(BUNDLE_EXECUTABLE_FOLDER_PATH)/Navigation";
			};
			name = Debug;
		};
		DD511C8A29AFA4460021D4AC /* Release */ = {
			isa = XCBuildConfiguration;
			buildSettings = {
				CODE_SIGN_STYLE = Automatic;
				CURRENT_PROJECT_VERSION = 1;
				DEVELOPMENT_TEAM = B8NB6YD92C;
				GENERATE_INFOPLIST_FILE = YES;
				IPHONEOS_DEPLOYMENT_TARGET = 16.2;
				MARKETING_VERSION = 1.0;
				PRODUCT_BUNDLE_IDENTIFIER = ru.mamba.StorageServiceTests;
				PRODUCT_NAME = "$(TARGET_NAME)";
				SWIFT_EMIT_LOC_STRINGS = NO;
				SWIFT_VERSION = 5.0;
				TARGETED_DEVICE_FAMILY = "1,2";
				TEST_HOST = "$(BUILT_PRODUCTS_DIR)/Navigation.app/$(BUNDLE_EXECUTABLE_FOLDER_PATH)/Navigation";
			};
			name = Release;
		};
		DD78C40B2950FD6E006D31F5 /* Debug */ = {
			isa = XCBuildConfiguration;
			buildSettings = {
				ALWAYS_SEARCH_USER_PATHS = NO;
				CLANG_ANALYZER_NONNULL = YES;
				CLANG_ANALYZER_NUMBER_OBJECT_CONVERSION = YES_AGGRESSIVE;
				CLANG_CXX_LANGUAGE_STANDARD = "gnu++20";
				CLANG_ENABLE_MODULES = YES;
				CLANG_ENABLE_OBJC_ARC = YES;
				CLANG_ENABLE_OBJC_WEAK = YES;
				CLANG_WARN_BLOCK_CAPTURE_AUTORELEASING = YES;
				CLANG_WARN_BOOL_CONVERSION = YES;
				CLANG_WARN_COMMA = YES;
				CLANG_WARN_CONSTANT_CONVERSION = YES;
				CLANG_WARN_DEPRECATED_OBJC_IMPLEMENTATIONS = YES;
				CLANG_WARN_DIRECT_OBJC_ISA_USAGE = YES_ERROR;
				CLANG_WARN_DOCUMENTATION_COMMENTS = YES;
				CLANG_WARN_EMPTY_BODY = YES;
				CLANG_WARN_ENUM_CONVERSION = YES;
				CLANG_WARN_INFINITE_RECURSION = YES;
				CLANG_WARN_INT_CONVERSION = YES;
				CLANG_WARN_NON_LITERAL_NULL_CONVERSION = YES;
				CLANG_WARN_OBJC_IMPLICIT_RETAIN_SELF = YES;
				CLANG_WARN_OBJC_LITERAL_CONVERSION = YES;
				CLANG_WARN_OBJC_ROOT_CLASS = YES_ERROR;
				CLANG_WARN_QUOTED_INCLUDE_IN_FRAMEWORK_HEADER = YES;
				CLANG_WARN_RANGE_LOOP_ANALYSIS = YES;
				CLANG_WARN_STRICT_PROTOTYPES = YES;
				CLANG_WARN_SUSPICIOUS_MOVE = YES;
				CLANG_WARN_UNGUARDED_AVAILABILITY = YES_AGGRESSIVE;
				CLANG_WARN_UNREACHABLE_CODE = YES;
				CLANG_WARN__DUPLICATE_METHOD_MATCH = YES;
				COPY_PHASE_STRIP = NO;
				DEBUG_INFORMATION_FORMAT = dwarf;
				ENABLE_STRICT_OBJC_MSGSEND = YES;
				ENABLE_TESTABILITY = YES;
				GCC_C_LANGUAGE_STANDARD = gnu11;
				GCC_DYNAMIC_NO_PIC = NO;
				GCC_NO_COMMON_BLOCKS = YES;
				GCC_OPTIMIZATION_LEVEL = 0;
				GCC_PREPROCESSOR_DEFINITIONS = (
					"DEBUG=1",
					"$(inherited)",
				);
				GCC_WARN_64_TO_32_BIT_CONVERSION = YES;
				GCC_WARN_ABOUT_RETURN_TYPE = YES_ERROR;
				GCC_WARN_UNDECLARED_SELECTOR = YES;
				GCC_WARN_UNINITIALIZED_AUTOS = YES_AGGRESSIVE;
				GCC_WARN_UNUSED_FUNCTION = YES;
				GCC_WARN_UNUSED_VARIABLE = YES;
				IPHONEOS_DEPLOYMENT_TARGET = 16.2;
				MTL_ENABLE_DEBUG_INFO = INCLUDE_SOURCE;
				MTL_FAST_MATH = YES;
				ONLY_ACTIVE_ARCH = YES;
				SDKROOT = iphoneos;
				SWIFT_ACTIVE_COMPILATION_CONDITIONS = DEBUG;
				SWIFT_OPTIMIZATION_LEVEL = "-Onone";
			};
			name = Debug;
		};
		DD78C40C2950FD6E006D31F5 /* Release */ = {
			isa = XCBuildConfiguration;
			buildSettings = {
				ALWAYS_SEARCH_USER_PATHS = NO;
				CLANG_ANALYZER_NONNULL = YES;
				CLANG_ANALYZER_NUMBER_OBJECT_CONVERSION = YES_AGGRESSIVE;
				CLANG_CXX_LANGUAGE_STANDARD = "gnu++20";
				CLANG_ENABLE_MODULES = YES;
				CLANG_ENABLE_OBJC_ARC = YES;
				CLANG_ENABLE_OBJC_WEAK = YES;
				CLANG_WARN_BLOCK_CAPTURE_AUTORELEASING = YES;
				CLANG_WARN_BOOL_CONVERSION = YES;
				CLANG_WARN_COMMA = YES;
				CLANG_WARN_CONSTANT_CONVERSION = YES;
				CLANG_WARN_DEPRECATED_OBJC_IMPLEMENTATIONS = YES;
				CLANG_WARN_DIRECT_OBJC_ISA_USAGE = YES_ERROR;
				CLANG_WARN_DOCUMENTATION_COMMENTS = YES;
				CLANG_WARN_EMPTY_BODY = YES;
				CLANG_WARN_ENUM_CONVERSION = YES;
				CLANG_WARN_INFINITE_RECURSION = YES;
				CLANG_WARN_INT_CONVERSION = YES;
				CLANG_WARN_NON_LITERAL_NULL_CONVERSION = YES;
				CLANG_WARN_OBJC_IMPLICIT_RETAIN_SELF = YES;
				CLANG_WARN_OBJC_LITERAL_CONVERSION = YES;
				CLANG_WARN_OBJC_ROOT_CLASS = YES_ERROR;
				CLANG_WARN_QUOTED_INCLUDE_IN_FRAMEWORK_HEADER = YES;
				CLANG_WARN_RANGE_LOOP_ANALYSIS = YES;
				CLANG_WARN_STRICT_PROTOTYPES = YES;
				CLANG_WARN_SUSPICIOUS_MOVE = YES;
				CLANG_WARN_UNGUARDED_AVAILABILITY = YES_AGGRESSIVE;
				CLANG_WARN_UNREACHABLE_CODE = YES;
				CLANG_WARN__DUPLICATE_METHOD_MATCH = YES;
				COPY_PHASE_STRIP = NO;
				DEBUG_INFORMATION_FORMAT = "dwarf-with-dsym";
				ENABLE_NS_ASSERTIONS = NO;
				ENABLE_STRICT_OBJC_MSGSEND = YES;
				GCC_C_LANGUAGE_STANDARD = gnu11;
				GCC_NO_COMMON_BLOCKS = YES;
				GCC_WARN_64_TO_32_BIT_CONVERSION = YES;
				GCC_WARN_ABOUT_RETURN_TYPE = YES_ERROR;
				GCC_WARN_UNDECLARED_SELECTOR = YES;
				GCC_WARN_UNINITIALIZED_AUTOS = YES_AGGRESSIVE;
				GCC_WARN_UNUSED_FUNCTION = YES;
				GCC_WARN_UNUSED_VARIABLE = YES;
				IPHONEOS_DEPLOYMENT_TARGET = 16.2;
				MTL_ENABLE_DEBUG_INFO = NO;
				MTL_FAST_MATH = YES;
				SDKROOT = iphoneos;
				SWIFT_COMPILATION_MODE = wholemodule;
				SWIFT_OPTIMIZATION_LEVEL = "-O";
				VALIDATE_PRODUCT = YES;
			};
			name = Release;
		};
		DD78C40E2950FD6E006D31F5 /* Debug */ = {
			isa = XCBuildConfiguration;
			buildSettings = {
				ASSETCATALOG_COMPILER_APPICON_NAME = AppIcon;
				ASSETCATALOG_COMPILER_GLOBAL_ACCENT_COLOR_NAME = AccentColor;
				CODE_SIGN_IDENTITY = "Apple Development";
				CODE_SIGN_STYLE = Automatic;
				CURRENT_PROJECT_VERSION = 1;
				DEVELOPMENT_TEAM = B8NB6YD92C;
				GENERATE_INFOPLIST_FILE = YES;
				INFOPLIST_FILE = Homework/Navigation/Info.plist;
				INFOPLIST_KEY_UIApplicationSupportsIndirectInputEvents = YES;
				INFOPLIST_KEY_UILaunchStoryboardName = LaunchScreen;
				INFOPLIST_KEY_UIMainStoryboardFile = "";
				INFOPLIST_KEY_UISupportedInterfaceOrientations = UIInterfaceOrientationPortrait;
				LD_RUNPATH_SEARCH_PATHS = (
					"$(inherited)",
					"@executable_path/Frameworks",
				);
				MARKETING_VERSION = 1.0;
				PRODUCT_BUNDLE_IDENTIFIER = ru.mamba.Navigation;
				PRODUCT_NAME = "$(TARGET_NAME)";
				PROVISIONING_PROFILE_SPECIFIER = "";
				SWIFT_EMIT_LOC_STRINGS = YES;
				SWIFT_VERSION = 5.0;
				TARGETED_DEVICE_FAMILY = "1,2";
			};
			name = Debug;
		};
		DD78C40F2950FD6E006D31F5 /* Release */ = {
			isa = XCBuildConfiguration;
			buildSettings = {
				ASSETCATALOG_COMPILER_APPICON_NAME = AppIcon;
				ASSETCATALOG_COMPILER_GLOBAL_ACCENT_COLOR_NAME = AccentColor;
				CODE_SIGN_IDENTITY = "Apple Development";
				CODE_SIGN_STYLE = Automatic;
				CURRENT_PROJECT_VERSION = 1;
				DEVELOPMENT_TEAM = B8NB6YD92C;
				GENERATE_INFOPLIST_FILE = YES;
				INFOPLIST_FILE = Homework/Navigation/Info.plist;
				INFOPLIST_KEY_UIApplicationSupportsIndirectInputEvents = YES;
				INFOPLIST_KEY_UILaunchStoryboardName = LaunchScreen;
				INFOPLIST_KEY_UIMainStoryboardFile = "";
				INFOPLIST_KEY_UISupportedInterfaceOrientations = UIInterfaceOrientationPortrait;
				LD_RUNPATH_SEARCH_PATHS = (
					"$(inherited)",
					"@executable_path/Frameworks",
				);
				MARKETING_VERSION = 1.0;
				PRODUCT_BUNDLE_IDENTIFIER = ru.mamba.Navigation;
				PRODUCT_NAME = "$(TARGET_NAME)";
				PROVISIONING_PROFILE_SPECIFIER = "";
				SWIFT_EMIT_LOC_STRINGS = YES;
				SWIFT_VERSION = 5.0;
				TARGETED_DEVICE_FAMILY = "1,2";
			};
			name = Release;
		};
/* End XCBuildConfiguration section */

/* Begin XCConfigurationList section */
		DD511C8B29AFA4460021D4AC /* Build configuration list for PBXNativeTarget "StorageService" */ = {
			isa = XCConfigurationList;
			buildConfigurations = (
				DD511C8729AFA4460021D4AC /* Debug */,
				DD511C8829AFA4460021D4AC /* Release */,
			);
			defaultConfigurationIsVisible = 0;
			defaultConfigurationName = Release;
		};
		DD511C8C29AFA4460021D4AC /* Build configuration list for PBXNativeTarget "StorageServiceTests" */ = {
			isa = XCConfigurationList;
			buildConfigurations = (
				DD511C8929AFA4460021D4AC /* Debug */,
				DD511C8A29AFA4460021D4AC /* Release */,
			);
			defaultConfigurationIsVisible = 0;
			defaultConfigurationName = Release;
		};
		DD78C3F42950FD6D006D31F5 /* Build configuration list for PBXProject "Navigation" */ = {
			isa = XCConfigurationList;
			buildConfigurations = (
				DD78C40B2950FD6E006D31F5 /* Debug */,
				DD78C40C2950FD6E006D31F5 /* Release */,
			);
			defaultConfigurationIsVisible = 0;
			defaultConfigurationName = Release;
		};
		DD78C40D2950FD6E006D31F5 /* Build configuration list for PBXNativeTarget "Navigation" */ = {
			isa = XCConfigurationList;
			buildConfigurations = (
				DD78C40E2950FD6E006D31F5 /* Debug */,
				DD78C40F2950FD6E006D31F5 /* Release */,
			);
			defaultConfigurationIsVisible = 0;
			defaultConfigurationName = Release;
		};
/* End XCConfigurationList section */

/* Begin XCRemoteSwiftPackageReference section */
		DD4A723329C4DBFA00D73702 /* XCRemoteSwiftPackageReference "iOSIntPackage" */ = {
			isa = XCRemoteSwiftPackageReference;
			repositoryURL = "https://github.com/TrueMax/iOSIntPackage";
			requirement = {
				branch = imagepublisher;
				kind = branch;
			};
		};
		DD4A723829C8D33900D73702 /* XCRemoteSwiftPackageReference "SnapKit" */ = {
			isa = XCRemoteSwiftPackageReference;
			repositoryURL = "https://github.com/SnapKit/SnapKit.git";
			requirement = {
				kind = upToNextMajorVersion;
				minimumVersion = 5.0.0;
			};
		};
		DDD9EF2229F922700072F36A /* XCRemoteSwiftPackageReference "firebase-ios-sdk" */ = {
			isa = XCRemoteSwiftPackageReference;
			repositoryURL = "https://github.com/firebase/firebase-ios-sdk";
			requirement = {
				kind = upToNextMajorVersion;
				minimumVersion = 10.0.0;
			};
		};
/* End XCRemoteSwiftPackageReference section */

/* Begin XCSwiftPackageProductDependency section */
		DD4A723429C4DBFA00D73702 /* iOSIntPackage */ = {
			isa = XCSwiftPackageProductDependency;
			package = DD4A723329C4DBFA00D73702 /* XCRemoteSwiftPackageReference "iOSIntPackage" */;
			productName = iOSIntPackage;
		};
		DD4A723929C8D33900D73702 /* SnapKit */ = {
			isa = XCSwiftPackageProductDependency;
			package = DD4A723829C8D33900D73702 /* XCRemoteSwiftPackageReference "SnapKit" */;
			productName = SnapKit;
		};
		DDD9EF2329F922700072F36A /* FirebaseAnalytics */ = {
			isa = XCSwiftPackageProductDependency;
			package = DDD9EF2229F922700072F36A /* XCRemoteSwiftPackageReference "firebase-ios-sdk" */;
			productName = FirebaseAnalytics;
		};
		DDD9EF2529F922700072F36A /* FirebaseAnalyticsSwift */ = {
			isa = XCSwiftPackageProductDependency;
			package = DDD9EF2229F922700072F36A /* XCRemoteSwiftPackageReference "firebase-ios-sdk" */;
			productName = FirebaseAnalyticsSwift;
		};
		DDD9EF2729F922700072F36A /* FirebaseAppCheck */ = {
			isa = XCSwiftPackageProductDependency;
			package = DDD9EF2229F922700072F36A /* XCRemoteSwiftPackageReference "firebase-ios-sdk" */;
			productName = FirebaseAppCheck;
		};
		DDD9EF2929F922700072F36A /* FirebaseAuth */ = {
			isa = XCSwiftPackageProductDependency;
			package = DDD9EF2229F922700072F36A /* XCRemoteSwiftPackageReference "firebase-ios-sdk" */;
			productName = FirebaseAuth;
		};
		DDD9EF2B29F922700072F36A /* FirebaseDatabase */ = {
			isa = XCSwiftPackageProductDependency;
			package = DDD9EF2229F922700072F36A /* XCRemoteSwiftPackageReference "firebase-ios-sdk" */;
			productName = FirebaseDatabase;
		};
		DDD9EF2D29F922700072F36A /* FirebaseDatabaseSwift */ = {
			isa = XCSwiftPackageProductDependency;
			package = DDD9EF2229F922700072F36A /* XCRemoteSwiftPackageReference "firebase-ios-sdk" */;
			productName = FirebaseDatabaseSwift;
		};
		DDD9EF2F29F922700072F36A /* FirebaseFirestore */ = {
			isa = XCSwiftPackageProductDependency;
			package = DDD9EF2229F922700072F36A /* XCRemoteSwiftPackageReference "firebase-ios-sdk" */;
			productName = FirebaseFirestore;
		};
		DDD9EF3129F922700072F36A /* FirebaseFirestoreSwift */ = {
			isa = XCSwiftPackageProductDependency;
			package = DDD9EF2229F922700072F36A /* XCRemoteSwiftPackageReference "firebase-ios-sdk" */;
			productName = FirebaseFirestoreSwift;
		};
		DDD9EF3329F922700072F36A /* FirebaseFunctions */ = {
			isa = XCSwiftPackageProductDependency;
			package = DDD9EF2229F922700072F36A /* XCRemoteSwiftPackageReference "firebase-ios-sdk" */;
			productName = FirebaseFunctions;
		};
		DDD9EF3529F922700072F36A /* FirebaseInstallations */ = {
			isa = XCSwiftPackageProductDependency;
			package = DDD9EF2229F922700072F36A /* XCRemoteSwiftPackageReference "firebase-ios-sdk" */;
			productName = FirebaseInstallations;
		};
		DDD9EF3729F922700072F36A /* FirebaseStorage */ = {
			isa = XCSwiftPackageProductDependency;
			package = DDD9EF2229F922700072F36A /* XCRemoteSwiftPackageReference "firebase-ios-sdk" */;
			productName = FirebaseStorage;
		};
/* End XCSwiftPackageProductDependency section */

/* Begin XCVersionGroup section */
		DD72DA612A1DDD4A006563A9 /* LikedPosts.xcdatamodeld */ = {
			isa = XCVersionGroup;
			children = (
				DD72DA622A1DDD4A006563A9 /* LikedPosts.xcdatamodel */,
			);
			currentVersion = DD72DA622A1DDD4A006563A9 /* LikedPosts.xcdatamodel */;
			path = LikedPosts.xcdatamodeld;
			sourceTree = "<group>";
			versionGroupType = wrapper.xcdatamodel;
		};
/* End XCVersionGroup section */
	};
	rootObject = DD78C3F12950FD6D006D31F5 /* Project object */;
}
